
Microsoft Visual Studio Solution File, Format Version 12.00
# Visual Studio Version 16
VisualStudioVersion = 16.0.29020.237
MinimumVisualStudioVersion = 10.0.40219.1
Project("{9A19103F-16F7-4668-BE54-9A1E7A4F7556}") = "TestConsole", "TestConsole.csproj", "{7C2BD922-4481-4D2E-BBF8-116F67B25373}"
EndProject
Global
	GlobalSection(SolutionConfigurationPlatforms) = preSolution
		Debug|Any CPU = Debug|Any CPU
		Release|Any CPU = Release|Any CPU
	EndGlobalSection
	GlobalSection(ProjectConfigurationPlatforms) = postSolution
		{7C2BD922-4481-4D2E-BBF8-116F67B25373}.Debug|Any CPU.ActiveCfg = Debug|Any CPU
		{7C2BD922-4481-4D2E-BBF8-116F67B25373}.Debug|Any CPU.Build.0 = Debug|Any CPU
		{7C2BD922-4481-4D2E-BBF8-116F67B25373}.Release|Any CPU.ActiveCfg = Release|Any CPU
		{7C2BD922-4481-4D2E-BBF8-116F67B25373}.Release|Any CPU.Build.0 = Release|Any CPU
	EndGlobalSection
	GlobalSection(SolutionProperties) = preSolution
		HideSolutionNode = FALSE
	EndGlobalSection
	GlobalSection(ExtensibilityGlobals) = postSolution
		SolutionGuid = {615F85BC-811E-4477-A671-679392B71AA9}
	EndGlobalSection
EndGlobal
